
Microsoft Visual Studio Solution File, Format Version 12.00
# Visual Studio Version 17
VisualStudioVersion = 17.0.31521.260
MinimumVisualStudioVersion = 10.0.40219.1
Project("{FAE04EC0-301F-11D3-BF4B-00C04F79EFBC}") = "ReactDemo", "ReactDemo\ReactDemo.csproj", "{A222D51F-E5B2-4AA0-A1C4-5E9E2E7483A3}"
EndProject
Global
	GlobalSection(SolutionConfigurationPlatforms) = preSolution
		Debug|Any CPU = Debug|Any CPU
		Release|Any CPU = Release|Any CPU
	EndGlobalSection
	GlobalSection(ProjectConfigurationPlatforms) = postSolution
		{A222D51F-E5B2-4AA0-A1C4-5E9E2E7483A3}.Debug|Any CPU.ActiveCfg = Debug|Any CPU
		{A222D51F-E5B2-4AA0-A1C4-5E9E2E7483A3}.Debug|Any CPU.Build.0 = Debug|Any CPU
		{A222D51F-E5B2-4AA0-A1C4-5E9E2E7483A3}.Release|Any CPU.ActiveCfg = Release|Any CPU
		{A222D51F-E5B2-4AA0-A1C4-5E9E2E7483A3}.Release|Any CPU.Build.0 = Release|Any CPU
	EndGlobalSection
	GlobalSection(SolutionProperties) = preSolution
		HideSolutionNode = FALSE
	EndGlobalSection
	GlobalSection(ExtensibilityGlobals) = postSolution
		SolutionGuid = {33B9C890-A7A5-4486-8EA0-D58B0810F0D2}
	EndGlobalSection
EndGlobal
